// !$*UTF8*$!
{
	archiveVersion = 1;
	classes = {
	};
	objectVersion = 46;
	objects = {

/* Begin PBXBuildFile section */
		781852521D0D393B0096B5D9 /* main.m in Sources */ = {isa = PBXBuildFile; fileRef = 781852511D0D393B0096B5D9 /* main.m */; };
		781852551D0D393B0096B5D9 /* AppDelegate.m in Sources */ = {isa = PBXBuildFile; fileRef = 781852541D0D393B0096B5D9 /* AppDelegate.m */; };
		7818525B1D0D393B0096B5D9 /* Main.storyboard in Resources */ = {isa = PBXBuildFile; fileRef = 781852591D0D393B0096B5D9 /* Main.storyboard */; };
		7818525D1D0D393B0096B5D9 /* Assets.xcassets in Resources */ = {isa = PBXBuildFile; fileRef = 7818525C1D0D393B0096B5D9 /* Assets.xcassets */; };
		781852601D0D393B0096B5D9 /* LaunchScreen.storyboard in Resources */ = {isa = PBXBuildFile; fileRef = 7818525E1D0D393B0096B5D9 /* LaunchScreen.storyboard */; };
		7818526B1D0D393C0096B5D9 /* WCJAddressBookTests.m in Sources */ = {isa = PBXBuildFile; fileRef = 7818526A1D0D393C0096B5D9 /* WCJAddressBookTests.m */; };
		781852761D0D393C0096B5D9 /* WCJAddressBookUITests.m in Sources */ = {isa = PBXBuildFile; fileRef = 781852751D0D393C0096B5D9 /* WCJAddressBookUITests.m */; };
		781852941D0D472D0096B5D9 /* EGODatabase.m in Sources */ = {isa = PBXBuildFile; fileRef = 7818528B1D0D472D0096B5D9 /* EGODatabase.m */; };
		781852951D0D472D0096B5D9 /* EGODatabaseRequest.m in Sources */ = {isa = PBXBuildFile; fileRef = 7818528D1D0D472D0096B5D9 /* EGODatabaseRequest.m */; };
		781852961D0D472D0096B5D9 /* EGODatabaseResult.m in Sources */ = {isa = PBXBuildFile; fileRef = 7818528F1D0D472D0096B5D9 /* EGODatabaseResult.m */; };
		781852971D0D472D0096B5D9 /* EGODatabaseRow.m in Sources */ = {isa = PBXBuildFile; fileRef = 781852921D0D472D0096B5D9 /* EGODatabaseRow.m */; };
		7818529C1D0D4AFF0096B5D9 /* AddressListViewController.m in Sources */ = {isa = PBXBuildFile; fileRef = 7818529A1D0D4AFF0096B5D9 /* AddressListViewController.m */; };
		781852A01D0D4B530096B5D9 /* DataBase.m in Sources */ = {isa = PBXBuildFile; fileRef = 7818529F1D0D4B530096B5D9 /* DataBase.m */; };
		781852A61D0D4C170096B5D9 /* AddressBookModel.m in Sources */ = {isa = PBXBuildFile; fileRef = 781852A51D0D4C170096B5D9 /* AddressBookModel.m */; };
		781852AA1D0D58470096B5D9 /* AddressBookCell.m in Sources */ = {isa = PBXBuildFile; fileRef = 781852A81D0D58470096B5D9 /* AddressBookCell.m */; };
		781852AB1D0D58470096B5D9 /* AddressBookCell.xib in Resources */ = {isa = PBXBuildFile; fileRef = 781852A91D0D58470096B5D9 /* AddressBookCell.xib */; };
		781852AD1D0D66E20096B5D9 /* libsqlite3.tbd in Frameworks */ = {isa = PBXBuildFile; fileRef = 781852AC1D0D66E20096B5D9 /* libsqlite3.tbd */; };
		786D7CFE1D0FA37500EE759E /* InsertPhoneCell.m in Sources */ = {isa = PBXBuildFile; fileRef = 786D7CFC1D0FA37500EE759E /* InsertPhoneCell.m */; };
		786D7CFF1D0FA37500EE759E /* InsertPhoneCell.xib in Resources */ = {isa = PBXBuildFile; fileRef = 786D7CFD1D0FA37500EE759E /* InsertPhoneCell.xib */; };
		786D7D031D0FA54000EE759E /* PhoneCell.m in Sources */ = {isa = PBXBuildFile; fileRef = 786D7D011D0FA54000EE759E /* PhoneCell.m */; };
		786D7D041D0FA54000EE759E /* PhoneCell.xib in Resources */ = {isa = PBXBuildFile; fileRef = 786D7D021D0FA54000EE759E /* PhoneCell.xib */; };
		78D7D3D41D0EA886001130D9 /* WCJAddressBook.sqlite in Resources */ = {isa = PBXBuildFile; fileRef = 78D7D3D31D0EA886001130D9 /* WCJAddressBook.sqlite */; };
		78D7D3E01D0EAAFF001130D9 /* InsertOrUpdateViewController.m in Sources */ = {isa = PBXBuildFile; fileRef = 78D7D3DE1D0EAAFF001130D9 /* InsertOrUpdateViewController.m */; };
		78D7D3E11D0EAAFF001130D9 /* InsertOrUpdateViewController.xib in Resources */ = {isa = PBXBuildFile; fileRef = 78D7D3DF1D0EAAFF001130D9 /* InsertOrUpdateViewController.xib */; };
		78D7D3E41D0EB64F001130D9 /* UIViewExt.m in Sources */ = {isa = PBXBuildFile; fileRef = 78D7D3E31D0EB64F001130D9 /* UIViewExt.m */; };
		78F012581D12679F00ED9325 /* userphoto@2x.png in Resources */ = {isa = PBXBuildFile; fileRef = 78F012561D12679F00ED9325 /* userphoto@2x.png */; };
		78F012591D12679F00ED9325 /* userphoto@3x.png in Resources */ = {isa = PBXBuildFile; fileRef = 78F012571D12679F00ED9325 /* userphoto@3x.png */; };
/* End PBXBuildFile section */

/* Begin PBXContainerItemProxy section */
		781852671D0D393C0096B5D9 /* PBXContainerItemProxy */ = {
			isa = PBXContainerItemProxy;
			containerPortal = 781852451D0D393B0096B5D9 /* Project object */;
			proxyType = 1;
			remoteGlobalIDString = 7818524C1D0D393B0096B5D9;
			remoteInfo = WCJAddressBook;
		};
		781852721D0D393C0096B5D9 /* PBXContainerItemProxy */ = {
			isa = PBXContainerItemProxy;
			containerPortal = 781852451D0D393B0096B5D9 /* Project object */;
			proxyType = 1;
			remoteGlobalIDString = 7818524C1D0D393B0096B5D9;
			remoteInfo = WCJAddressBook;
		};
/* End PBXContainerItemProxy section */

/* Begin PBXFileReference section */
		7818524D1D0D393B0096B5D9 /* WCJAddressBook.app */ = {isa = PBXFileReference; explicitFileType = wrapper.application; includeInIndex = 0; path = WCJAddressBook.app; sourceTree = BUILT_PRODUCTS_DIR; };
		781852511D0D393B0096B5D9 /* main.m */ = {isa = PBXFileReference; lastKnownFileType = sourcecode.c.objc; path = main.m; sourceTree = "<group>"; };
		781852531D0D393B0096B5D9 /* AppDelegate.h */ = {isa = PBXFileReference; lastKnownFileType = sourcecode.c.h; path = AppDelegate.h; sourceTree = "<group>"; };
		781852541D0D393B0096B5D9 /* AppDelegate.m */ = {isa = PBXFileReference; lastKnownFileType = sourcecode.c.objc; path = AppDelegate.m; sourceTree = "<group>"; };
		7818525A1D0D393B0096B5D9 /* Base */ = {isa = PBXFileReference; lastKnownFileType = file.storyboard; name = Base; path = Base.lproj/Main.storyboard; sourceTree = "<group>"; };
		7818525C1D0D393B0096B5D9 /* Assets.xcassets */ = {isa = PBXFileReference; lastKnownFileType = folder.assetcatalog; path = Assets.xcassets; sourceTree = "<group>"; };
		7818525F1D0D393B0096B5D9 /* Base */ = {isa = PBXFileReference; lastKnownFileType = file.storyboard; name = Base; path = Base.lproj/LaunchScreen.storyboard; sourceTree = "<group>"; };
		781852611D0D393B0096B5D9 /* Info.plist */ = {isa = PBXFileReference; lastKnownFileType = text.plist.xml; path = Info.plist; sourceTree = "<group>"; };
		781852661D0D393C0096B5D9 /* WCJAddressBookTests.xctest */ = {isa = PBXFileReference; explicitFileType = wrapper.cfbundle; includeInIndex = 0; path = WCJAddressBookTests.xctest; sourceTree = BUILT_PRODUCTS_DIR; };
		7818526A1D0D393C0096B5D9 /* WCJAddressBookTests.m */ = {isa = PBXFileReference; lastKnownFileType = sourcecode.c.objc; path = WCJAddressBookTests.m; sourceTree = "<group>"; };
		7818526C1D0D393C0096B5D9 /* Info.plist */ = {isa = PBXFileReference; lastKnownFileType = text.plist.xml; path = Info.plist; sourceTree = "<group>"; };
		781852711D0D393C0096B5D9 /* WCJAddressBookUITests.xctest */ = {isa = PBXFileReference; explicitFileType = wrapper.cfbundle; includeInIndex = 0; path = WCJAddressBookUITests.xctest; sourceTree = BUILT_PRODUCTS_DIR; };
		781852751D0D393C0096B5D9 /* WCJAddressBookUITests.m */ = {isa = PBXFileReference; lastKnownFileType = sourcecode.c.objc; path = WCJAddressBookUITests.m; sourceTree = "<group>"; };
		781852771D0D393C0096B5D9 /* Info.plist */ = {isa = PBXFileReference; lastKnownFileType = text.plist.xml; path = Info.plist; sourceTree = "<group>"; };
		7818528A1D0D472D0096B5D9 /* EGODatabase.h */ = {isa = PBXFileReference; fileEncoding = 4; lastKnownFileType = sourcecode.c.h; path = EGODatabase.h; sourceTree = "<group>"; };
		7818528B1D0D472D0096B5D9 /* EGODatabase.m */ = {isa = PBXFileReference; fileEncoding = 4; lastKnownFileType = sourcecode.c.objc; path = EGODatabase.m; sourceTree = "<group>"; };
		7818528C1D0D472D0096B5D9 /* EGODatabaseRequest.h */ = {isa = PBXFileReference; fileEncoding = 4; lastKnownFileType = sourcecode.c.h; path = EGODatabaseRequest.h; sourceTree = "<group>"; };
		7818528D1D0D472D0096B5D9 /* EGODatabaseRequest.m */ = {isa = PBXFileReference; fileEncoding = 4; lastKnownFileType = sourcecode.c.objc; path = EGODatabaseRequest.m; sourceTree = "<group>"; };
		7818528E1D0D472D0096B5D9 /* EGODatabaseResult.h */ = {isa = PBXFileReference; fileEncoding = 4; lastKnownFileType = sourcecode.c.h; path = EGODatabaseResult.h; sourceTree = "<group>"; };
		7818528F1D0D472D0096B5D9 /* EGODatabaseResult.m */ = {isa = PBXFileReference; fileEncoding = 4; lastKnownFileType = sourcecode.c.objc; path = EGODatabaseResult.m; sourceTree = "<group>"; };
		781852901D0D472D0096B5D9 /* EGODatabaseResult_Internal.h */ = {isa = PBXFileReference; fileEncoding = 4; lastKnownFileType = sourcecode.c.h; path = EGODatabaseResult_Internal.h; sourceTree = "<group>"; };
		781852911D0D472D0096B5D9 /* EGODatabaseRow.h */ = {isa = PBXFileReference; fileEncoding = 4; lastKnownFileType = sourcecode.c.h; path = EGODatabaseRow.h; sourceTree = "<group>"; };
		781852921D0D472D0096B5D9 /* EGODatabaseRow.m */ = {isa = PBXFileReference; fileEncoding = 4; lastKnownFileType = sourcecode.c.objc; path = EGODatabaseRow.m; sourceTree = "<group>"; };
		781852931D0D472D0096B5D9 /* EGODatabaseRow_Internal.h */ = {isa = PBXFileReference; fileEncoding = 4; lastKnownFileType = sourcecode.c.h; path = EGODatabaseRow_Internal.h; sourceTree = "<group>"; };
		781852981D0D47820096B5D9 /* WCJAddressBook.pch */ = {isa = PBXFileReference; fileEncoding = 4; lastKnownFileType = sourcecode.c.h; path = WCJAddressBook.pch; sourceTree = "<group>"; };
		781852991D0D4AFF0096B5D9 /* AddressListViewController.h */ = {isa = PBXFileReference; fileEncoding = 4; lastKnownFileType = sourcecode.c.h; name = AddressListViewController.h; path = ../AddressListViewController.h; sourceTree = "<group>"; };
		7818529A1D0D4AFF0096B5D9 /* AddressListViewController.m */ = {isa = PBXFileReference; fileEncoding = 4; lastKnownFileType = sourcecode.c.objc; name = AddressListViewController.m; path = ../AddressListViewController.m; sourceTree = "<group>"; };
		7818529E1D0D4B530096B5D9 /* DataBase.h */ = {isa = PBXFileReference; fileEncoding = 4; lastKnownFileType = sourcecode.c.h; path = DataBase.h; sourceTree = "<group>"; };
		7818529F1D0D4B530096B5D9 /* DataBase.m */ = {isa = PBXFileReference; fileEncoding = 4; lastKnownFileType = sourcecode.c.objc; path = DataBase.m; sourceTree = "<group>"; };
		781852A41D0D4C170096B5D9 /* AddressBookModel.h */ = {isa = PBXFileReference; fileEncoding = 4; lastKnownFileType = sourcecode.c.h; path = AddressBookModel.h; sourceTree = "<group>"; };
		781852A51D0D4C170096B5D9 /* AddressBookModel.m */ = {isa = PBXFileReference; fileEncoding = 4; lastKnownFileType = sourcecode.c.objc; path = AddressBookModel.m; sourceTree = "<group>"; };
		781852A71D0D58470096B5D9 /* AddressBookCell.h */ = {isa = PBXFileReference; fileEncoding = 4; lastKnownFileType = sourcecode.c.h; path = AddressBookCell.h; sourceTree = "<group>"; };
		781852A81D0D58470096B5D9 /* AddressBookCell.m */ = {isa = PBXFileReference; fileEncoding = 4; lastKnownFileType = sourcecode.c.objc; path = AddressBookCell.m; sourceTree = "<group>"; };
		781852A91D0D58470096B5D9 /* AddressBookCell.xib */ = {isa = PBXFileReference; fileEncoding = 4; lastKnownFileType = file.xib; path = AddressBookCell.xib; sourceTree = "<group>"; };
		781852AC1D0D66E20096B5D9 /* libsqlite3.tbd */ = {isa = PBXFileReference; lastKnownFileType = "sourcecode.text-based-dylib-definition"; name = libsqlite3.tbd; path = usr/lib/libsqlite3.tbd; sourceTree = SDKROOT; };
		786D7CFB1D0FA37500EE759E /* InsertPhoneCell.h */ = {isa = PBXFileReference; fileEncoding = 4; lastKnownFileType = sourcecode.c.h; path = InsertPhoneCell.h; sourceTree = "<group>"; };
		786D7CFC1D0FA37500EE759E /* InsertPhoneCell.m */ = {isa = PBXFileReference; fileEncoding = 4; lastKnownFileType = sourcecode.c.objc; path = InsertPhoneCell.m; sourceTree = "<group>"; };
		786D7CFD1D0FA37500EE759E /* InsertPhoneCell.xib */ = {isa = PBXFileReference; fileEncoding = 4; lastKnownFileType = file.xib; path = InsertPhoneCell.xib; sourceTree = "<group>"; };
		786D7D001D0FA54000EE759E /* PhoneCell.h */ = {isa = PBXFileReference; fileEncoding = 4; lastKnownFileType = sourcecode.c.h; path = PhoneCell.h; sourceTree = "<group>"; };
		786D7D011D0FA54000EE759E /* PhoneCell.m */ = {isa = PBXFileReference; fileEncoding = 4; lastKnownFileType = sourcecode.c.objc; path = PhoneCell.m; sourceTree = "<group>"; };
		786D7D021D0FA54000EE759E /* PhoneCell.xib */ = {isa = PBXFileReference; fileEncoding = 4; lastKnownFileType = file.xib; path = PhoneCell.xib; sourceTree = "<group>"; };
		78D7D3D31D0EA886001130D9 /* WCJAddressBook.sqlite */ = {isa = PBXFileReference; lastKnownFileType = file; path = WCJAddressBook.sqlite; sourceTree = "<group>"; };
		78D7D3DD1D0EAAFF001130D9 /* InsertOrUpdateViewController.h */ = {isa = PBXFileReference; fileEncoding = 4; lastKnownFileType = sourcecode.c.h; path = InsertOrUpdateViewController.h; sourceTree = "<group>"; };
		78D7D3DE1D0EAAFF001130D9 /* InsertOrUpdateViewController.m */ = {isa = PBXFileReference; fileEncoding = 4; lastKnownFileType = sourcecode.c.objc; path = InsertOrUpdateViewController.m; sourceTree = "<group>"; };
		78D7D3DF1D0EAAFF001130D9 /* InsertOrUpdateViewController.xib */ = {isa = PBXFileReference; fileEncoding = 4; lastKnownFileType = file.xib; path = InsertOrUpdateViewController.xib; sourceTree = "<group>"; };
		78D7D3E21D0EB64F001130D9 /* UIViewExt.h */ = {isa = PBXFileReference; fileEncoding = 4; lastKnownFileType = sourcecode.c.h; path = UIViewExt.h; sourceTree = "<group>"; };
		78D7D3E31D0EB64F001130D9 /* UIViewExt.m */ = {isa = PBXFileReference; fileEncoding = 4; lastKnownFileType = sourcecode.c.objc; path = UIViewExt.m; sourceTree = "<group>"; };
		78F012561D12679F00ED9325 /* userphoto@2x.png */ = {isa = PBXFileReference; lastKnownFileType = image.png; path = "userphoto@2x.png"; sourceTree = "<group>"; };
		78F012571D12679F00ED9325 /* userphoto@3x.png */ = {isa = PBXFileReference; lastKnownFileType = image.png; path = "userphoto@3x.png"; sourceTree = "<group>"; };
/* End PBXFileReference section */

/* Begin PBXFrameworksBuildPhase section */
		7818524A1D0D393B0096B5D9 /* Frameworks */ = {
			isa = PBXFrameworksBuildPhase;
			buildActionMask = 2147483647;
			files = (
				781852AD1D0D66E20096B5D9 /* libsqlite3.tbd in Frameworks */,
			);
			runOnlyForDeploymentPostprocessing = 0;
		};
		781852631D0D393C0096B5D9 /* Frameworks */ = {
			isa = PBXFrameworksBuildPhase;
			buildActionMask = 2147483647;
			files = (
			);
			runOnlyForDeploymentPostprocessing = 0;
		};
		7818526E1D0D393C0096B5D9 /* Frameworks */ = {
			isa = PBXFrameworksBuildPhase;
			buildActionMask = 2147483647;
			files = (
			);
			runOnlyForDeploymentPostprocessing = 0;
		};
/* End PBXFrameworksBuildPhase section */

/* Begin PBXGroup section */
		781852441D0D393B0096B5D9 = {
			isa = PBXGroup;
			children = (
				781852AC1D0D66E20096B5D9 /* libsqlite3.tbd */,
				7818524F1D0D393B0096B5D9 /* WCJAddressBook */,
				781852691D0D393C0096B5D9 /* WCJAddressBookTests */,
				781852741D0D393C0096B5D9 /* WCJAddressBookUITests */,
				7818524E1D0D393B0096B5D9 /* Products */,
			);
			sourceTree = "<group>";
		};
		7818524E1D0D393B0096B5D9 /* Products */ = {
			isa = PBXGroup;
			children = (
				7818524D1D0D393B0096B5D9 /* WCJAddressBook.app */,
				781852661D0D393C0096B5D9 /* WCJAddressBookTests.xctest */,
				781852711D0D393C0096B5D9 /* WCJAddressBookUITests.xctest */,
			);
			name = Products;
			sourceTree = "<group>";
		};
		7818524F1D0D393B0096B5D9 /* WCJAddressBook */ = {
			isa = PBXGroup;
			children = (
				781852531D0D393B0096B5D9 /* AppDelegate.h */,
				781852541D0D393B0096B5D9 /* AppDelegate.m */,
				781852851D0D46F60096B5D9 /* DataBase */,
				781852591D0D393B0096B5D9 /* Main.storyboard */,
				781852A11D0D4BCC0096B5D9 /* Controller */,
				781852A21D0D4BCC0096B5D9 /* Model */,
				781852A31D0D4BCC0096B5D9 /* View */,
				7818525C1D0D393B0096B5D9 /* Assets.xcassets */,
				7818525E1D0D393B0096B5D9 /* LaunchScreen.storyboard */,
				781852611D0D393B0096B5D9 /* Info.plist */,
				78D7D3D31D0EA886001130D9 /* WCJAddressBook.sqlite */,
				781852981D0D47820096B5D9 /* WCJAddressBook.pch */,
				781852501D0D393B0096B5D9 /* Supporting Files */,
			);
			path = WCJAddressBook;
			sourceTree = "<group>";
		};
		781852501D0D393B0096B5D9 /* Supporting Files */ = {
			isa = PBXGroup;
			children = (
				78F012561D12679F00ED9325 /* userphoto@2x.png */,
				78F012571D12679F00ED9325 /* userphoto@3x.png */,
				78D7D3E21D0EB64F001130D9 /* UIViewExt.h */,
				78D7D3E31D0EB64F001130D9 /* UIViewExt.m */,
				781852891D0D472D0096B5D9 /* EGODataBase */,
				781852511D0D393B0096B5D9 /* main.m */,
			);
			name = "Supporting Files";
			sourceTree = "<group>";
		};
		781852691D0D393C0096B5D9 /* WCJAddressBookTests */ = {
			isa = PBXGroup;
			children = (
				7818526A1D0D393C0096B5D9 /* WCJAddressBookTests.m */,
				7818526C1D0D393C0096B5D9 /* Info.plist */,
			);
			path = WCJAddressBookTests;
			sourceTree = "<group>";
		};
		781852741D0D393C0096B5D9 /* WCJAddressBookUITests */ = {
			isa = PBXGroup;
			children = (
				781852751D0D393C0096B5D9 /* WCJAddressBookUITests.m */,
				781852771D0D393C0096B5D9 /* Info.plist */,
			);
			path = WCJAddressBookUITests;
			sourceTree = "<group>";
		};
		781852851D0D46F60096B5D9 /* DataBase */ = {
			isa = PBXGroup;
			children = (
				7818529E1D0D4B530096B5D9 /* DataBase.h */,
				7818529F1D0D4B530096B5D9 /* DataBase.m */,
			);
			path = DataBase;
			sourceTree = "<group>";
		};
		781852891D0D472D0096B5D9 /* EGODataBase */ = {
			isa = PBXGroup;
			children = (
				7818528A1D0D472D0096B5D9 /* EGODatabase.h */,
				7818528B1D0D472D0096B5D9 /* EGODatabase.m */,
				7818528C1D0D472D0096B5D9 /* EGODatabaseRequest.h */,
				7818528D1D0D472D0096B5D9 /* EGODatabaseRequest.m */,
				7818528E1D0D472D0096B5D9 /* EGODatabaseResult.h */,
				7818528F1D0D472D0096B5D9 /* EGODatabaseResult.m */,
				781852901D0D472D0096B5D9 /* EGODatabaseResult_Internal.h */,
				781852911D0D472D0096B5D9 /* EGODatabaseRow.h */,
				781852921D0D472D0096B5D9 /* EGODatabaseRow.m */,
				781852931D0D472D0096B5D9 /* EGODatabaseRow_Internal.h */,
			);
			path = EGODataBase;
			sourceTree = "<group>";
		};
		781852A11D0D4BCC0096B5D9 /* Controller */ = {
			isa = PBXGroup;
			children = (
				781852991D0D4AFF0096B5D9 /* AddressListViewController.h */,
				7818529A1D0D4AFF0096B5D9 /* AddressListViewController.m */,
				78D7D3DD1D0EAAFF001130D9 /* InsertOrUpdateViewController.h */,
				78D7D3DE1D0EAAFF001130D9 /* InsertOrUpdateViewController.m */,
				78D7D3DF1D0EAAFF001130D9 /* InsertOrUpdateViewController.xib */,
			);
			path = Controller;
			sourceTree = "<group>";
		};
		781852A21D0D4BCC0096B5D9 /* Model */ = {
			isa = PBXGroup;
			children = (
				781852A41D0D4C170096B5D9 /* AddressBookModel.h */,
				781852A51D0D4C170096B5D9 /* AddressBookModel.m */,
			);
			path = Model;
			sourceTree = "<group>";
		};
		781852A31D0D4BCC0096B5D9 /* View */ = {
			isa = PBXGroup;
			children = (
				781852A71D0D58470096B5D9 /* AddressBookCell.h */,
				781852A81D0D58470096B5D9 /* AddressBookCell.m */,
				781852A91D0D58470096B5D9 /* AddressBookCell.xib */,
				786D7CFB1D0FA37500EE759E /* InsertPhoneCell.h */,
				786D7CFC1D0FA37500EE759E /* InsertPhoneCell.m */,
				786D7CFD1D0FA37500EE759E /* InsertPhoneCell.xib */,
				786D7D001D0FA54000EE759E /* PhoneCell.h */,
				786D7D011D0FA54000EE759E /* PhoneCell.m */,
				786D7D021D0FA54000EE759E /* PhoneCell.xib */,
			);
			path = View;
			sourceTree = "<group>";
		};
/* End PBXGroup section */

/* Begin PBXNativeTarget section */
		7818524C1D0D393B0096B5D9 /* WCJAddressBook */ = {
			isa = PBXNativeTarget;
			buildConfigurationList = 7818527A1D0D393C0096B5D9 /* Build configuration list for PBXNativeTarget "WCJAddressBook" */;
			buildPhases = (
				781852491D0D393B0096B5D9 /* Sources */,
				7818524A1D0D393B0096B5D9 /* Frameworks */,
				7818524B1D0D393B0096B5D9 /* Resources */,
			);
			buildRules = (
			);
			dependencies = (
			);
			name = WCJAddressBook;
			productName = WCJAddressBook;
			productReference = 7818524D1D0D393B0096B5D9 /* WCJAddressBook.app */;
			productType = "com.apple.product-type.application";
		};
		781852651D0D393C0096B5D9 /* WCJAddressBookTests */ = {
			isa = PBXNativeTarget;
			buildConfigurationList = 7818527D1D0D393C0096B5D9 /* Build configuration list for PBXNativeTarget "WCJAddressBookTests" */;
			buildPhases = (
				781852621D0D393C0096B5D9 /* Sources */,
				781852631D0D393C0096B5D9 /* Frameworks */,
				781852641D0D393C0096B5D9 /* Resources */,
			);
			buildRules = (
			);
			dependencies = (
				781852681D0D393C0096B5D9 /* PBXTargetDependency */,
			);
			name = WCJAddressBookTests;
			productName = WCJAddressBookTests;
			productReference = 781852661D0D393C0096B5D9 /* WCJAddressBookTests.xctest */;
			productType = "com.apple.product-type.bundle.unit-test";
		};
		781852701D0D393C0096B5D9 /* WCJAddressBookUITests */ = {
			isa = PBXNativeTarget;
			buildConfigurationList = 781852801D0D393C0096B5D9 /* Build configuration list for PBXNativeTarget "WCJAddressBookUITests" */;
			buildPhases = (
				7818526D1D0D393C0096B5D9 /* Sources */,
				7818526E1D0D393C0096B5D9 /* Frameworks */,
				7818526F1D0D393C0096B5D9 /* Resources */,
			);
			buildRules = (
			);
			dependencies = (
				781852731D0D393C0096B5D9 /* PBXTargetDependency */,
			);
			name = WCJAddressBookUITests;
			productName = WCJAddressBookUITests;
			productReference = 781852711D0D393C0096B5D9 /* WCJAddressBookUITests.xctest */;
			productType = "com.apple.product-type.bundle.ui-testing";
		};
/* End PBXNativeTarget section */

/* Begin PBXProject section */
		781852451D0D393B0096B5D9 /* Project object */ = {
			isa = PBXProject;
			attributes = {
				LastUpgradeCheck = 0730;
				ORGANIZATIONNAME = WuChaojie;
				TargetAttributes = {
					7818524C1D0D393B0096B5D9 = {
						CreatedOnToolsVersion = 7.3;
					};
					781852651D0D393C0096B5D9 = {
						CreatedOnToolsVersion = 7.3;
						TestTargetID = 7818524C1D0D393B0096B5D9;
					};
					781852701D0D393C0096B5D9 = {
						CreatedOnToolsVersion = 7.3;
						TestTargetID = 7818524C1D0D393B0096B5D9;
					};
				};
			};
			buildConfigurationList = 781852481D0D393B0096B5D9 /* Build configuration list for PBXProject "WCJAddressBook" */;
			compatibilityVersion = "Xcode 3.2";
			developmentRegion = English;
			hasScannedForEncodings = 0;
			knownRegions = (
				en,
				Base,
			);
			mainGroup = 781852441D0D393B0096B5D9;
			productRefGroup = 7818524E1D0D393B0096B5D9 /* Products */;
			projectDirPath = "";
			projectRoot = "";
			targets = (
				7818524C1D0D393B0096B5D9 /* WCJAddressBook */,
				781852651D0D393C0096B5D9 /* WCJAddressBookTests */,
				781852701D0D393C0096B5D9 /* WCJAddressBookUITests */,
			);
		};
/* End PBXProject section */

/* Begin PBXResourcesBuildPhase section */
		7818524B1D0D393B0096B5D9 /* Resources */ = {
			isa = PBXResourcesBuildPhase;
			buildActionMask = 2147483647;
			files = (
				786D7D041D0FA54000EE759E /* PhoneCell.xib in Resources */,
				78F012591D12679F00ED9325 /* userphoto@3x.png in Resources */,
				78F012581D12679F00ED9325 /* userphoto@2x.png in Resources */,
				78D7D3E11D0EAAFF001130D9 /* InsertOrUpdateViewController.xib in Resources */,
				781852601D0D393B0096B5D9 /* LaunchScreen.storyboard in Resources */,
				781852AB1D0D58470096B5D9 /* AddressBookCell.xib in Resources */,
				78D7D3D41D0EA886001130D9 /* WCJAddressBook.sqlite in Resources */,
				7818525D1D0D393B0096B5D9 /* Assets.xcassets in Resources */,
				786D7CFF1D0FA37500EE759E /* InsertPhoneCell.xib in Resources */,
				7818525B1D0D393B0096B5D9 /* Main.storyboard in Resources */,
			);
			runOnlyForDeploymentPostprocessing = 0;
		};
		781852641D0D393C0096B5D9 /* Resources */ = {
			isa = PBXResourcesBuildPhase;
			buildActionMask = 2147483647;
			files = (
			);
			runOnlyForDeploymentPostprocessing = 0;
		};
		7818526F1D0D393C0096B5D9 /* Resources */ = {
			isa = PBXResourcesBuildPhase;
			buildActionMask = 2147483647;
			files = (
			);
			runOnlyForDeploymentPostprocessing = 0;
		};
/* End PBXResourcesBuildPhase section */

/* Begin PBXSourcesBuildPhase section */
		781852491D0D393B0096B5D9 /* Sources */ = {
			isa = PBXSourcesBuildPhase;
			buildActionMask = 2147483647;
			files = (
				786D7D031D0FA54000EE759E /* PhoneCell.m in Sources */,
				781852A61D0D4C170096B5D9 /* AddressBookModel.m in Sources */,
				781852AA1D0D58470096B5D9 /* AddressBookCell.m in Sources */,
				781852941D0D472D0096B5D9 /* EGODatabase.m in Sources */,
				781852551D0D393B0096B5D9 /* AppDelegate.m in Sources */,
				78D7D3E41D0EB64F001130D9 /* UIViewExt.m in Sources */,
				786D7CFE1D0FA37500EE759E /* InsertPhoneCell.m in Sources */,
				781852A01D0D4B530096B5D9 /* DataBase.m in Sources */,
				781852971D0D472D0096B5D9 /* EGODatabaseRow.m in Sources */,
				78D7D3E01D0EAAFF001130D9 /* InsertOrUpdateViewController.m in Sources */,
				781852951D0D472D0096B5D9 /* EGODatabaseRequest.m in Sources */,
				781852961D0D472D0096B5D9 /* EGODatabaseResult.m in Sources */,
				781852521D0D393B0096B5D9 /* main.m in Sources */,
				7818529C1D0D4AFF0096B5D9 /* AddressListViewController.m in Sources */,
			);
			runOnlyForDeploymentPostprocessing = 0;
		};
		781852621D0D393C0096B5D9 /* Sources */ = {
			isa = PBXSourcesBuildPhase;
			buildActionMask = 2147483647;
			files = (
				7818526B1D0D393C0096B5D9 /* WCJAddressBookTests.m in Sources */,
			);
			runOnlyForDeploymentPostprocessing = 0;
		};
		7818526D1D0D393C0096B5D9 /* Sources */ = {
			isa = PBXSourcesBuildPhase;
			buildActionMask = 2147483647;
			files = (
				781852761D0D393C0096B5D9 /* WCJAddressBookUITests.m in Sources */,
			);
			runOnlyForDeploymentPostprocessing = 0;
		};
/* End PBXSourcesBuildPhase section */

/* Begin PBXTargetDependency section */
		781852681D0D393C0096B5D9 /* PBXTargetDependency */ = {
			isa = PBXTargetDependency;
			target = 7818524C1D0D393B0096B5D9 /* WCJAddressBook */;
			targetProxy = 781852671D0D393C0096B5D9 /* PBXContainerItemProxy */;
		};
		781852731D0D393C0096B5D9 /* PBXTargetDependency */ = {
			isa = PBXTargetDependency;
			target = 7818524C1D0D393B0096B5D9 /* WCJAddressBook */;
			targetProxy = 781852721D0D393C0096B5D9 /* PBXContainerItemProxy */;
		};
/* End PBXTargetDependency section */

/* Begin PBXVariantGroup section */
		781852591D0D393B0096B5D9 /* Main.storyboard */ = {
			isa = PBXVariantGroup;
			children = (
				7818525A1D0D393B0096B5D9 /* Base */,
			);
			name = Main.storyboard;
			sourceTree = "<group>";
		};
		7818525E1D0D393B0096B5D9 /* LaunchScreen.storyboard */ = {
			isa = PBXVariantGroup;
			children = (
				7818525F1D0D393B0096B5D9 /* Base */,
			);
			name = LaunchScreen.storyboard;
			sourceTree = "<group>";
		};
/* End PBXVariantGroup section */

/* Begin XCBuildConfiguration section */
		781852781D0D393C0096B5D9 /* Debug */ = {
			isa = XCBuildConfiguration;
			buildSettings = {
				ALWAYS_SEARCH_USER_PATHS = NO;
				CLANG_ANALYZER_NONNULL = YES;
				CLANG_CXX_LANGUAGE_STANDARD = "gnu++0x";
				CLANG_CXX_LIBRARY = "libc++";
				CLANG_ENABLE_MODULES = YES;
				CLANG_ENABLE_OBJC_ARC = YES;
				CLANG_WARN_BOOL_CONVERSION = YES;
				CLANG_WARN_CONSTANT_CONVERSION = YES;
				CLANG_WARN_DIRECT_OBJC_ISA_USAGE = YES_ERROR;
				CLANG_WARN_EMPTY_BODY = YES;
				CLANG_WARN_ENUM_CONVERSION = YES;
				CLANG_WARN_INT_CONVERSION = YES;
				CLANG_WARN_OBJC_ROOT_CLASS = YES_ERROR;
				CLANG_WARN_UNREACHABLE_CODE = YES;
				CLANG_WARN__DUPLICATE_METHOD_MATCH = YES;
				"CODE_SIGN_IDENTITY[sdk=iphoneos*]" = "iPhone Developer";
				COPY_PHASE_STRIP = NO;
				DEBUG_INFORMATION_FORMAT = dwarf;
				ENABLE_STRICT_OBJC_MSGSEND = YES;
				ENABLE_TESTABILITY = YES;
				GCC_C_LANGUAGE_STANDARD = gnu99;
				GCC_DYNAMIC_NO_PIC = NO;
				GCC_NO_COMMON_BLOCKS = YES;
				GCC_OPTIMIZATION_LEVEL = 0;
				GCC_PREFIX_HEADER = "$(SRCROOT)/WCJAddressBook/WCJAddressbook.pch";
				GCC_PREPROCESSOR_DEFINITIONS = (
					"DEBUG=1",
					"$(inherited)",
				);
				GCC_WARN_64_TO_32_BIT_CONVERSION = YES;
				GCC_WARN_ABOUT_RETURN_TYPE = YES_ERROR;
				GCC_WARN_UNDECLARED_SELECTOR = YES;
				GCC_WARN_UNINITIALIZED_AUTOS = YES_AGGRESSIVE;
				GCC_WARN_UNUSED_FUNCTION = YES;
				GCC_WARN_UNUSED_VARIABLE = YES;
				IPHONEOS_DEPLOYMENT_TARGET = 9.3;
				MTL_ENABLE_DEBUG_INFO = YES;
				ONLY_ACTIVE_ARCH = YES;
				SDKROOT = iphoneos;
			};
			name = Debug;
		};
		781852791D0D393C0096B5D9 /* Release */ = {
			isa = XCBuildConfiguration;
			buildSettings = {
				ALWAYS_SEARCH_USER_PATHS = NO;
				CLANG_ANALYZER_NONNULL = YES;
				CLANG_CXX_LANGUAGE_STANDARD = "gnu++0x";
				CLANG_CXX_LIBRARY = "libc++";
				CLANG_ENABLE_MODULES = YES;
				CLANG_ENABLE_OBJC_ARC = YES;
				CLANG_WARN_BOOL_CONVERSION = YES;
				CLANG_WARN_CONSTANT_CONVERSION = YES;
				CLANG_WARN_DIRECT_OBJC_ISA_USAGE = YES_ERROR;
				CLANG_WARN_EMPTY_BODY = YES;
				CLANG_WARN_ENUM_CONVERSION = YES;
				CLANG_WARN_INT_CONVERSION = YES;
				CLANG_WARN_OBJC_ROOT_CLASS = YES_ERROR;
				CLANG_WARN_UNREACHABLE_CODE = YES;
				CLANG_WARN__DUPLICATE_METHOD_MATCH = YES;
				"CODE_SIGN_IDENTITY[sdk=iphoneos*]" = "iPhone Developer";
				COPY_PHASE_STRIP = NO;
				DEBUG_INFORMATION_FORMAT = "dwarf-with-dsym";
				ENABLE_NS_ASSERTIONS = NO;
				ENABLE_STRICT_OBJC_MSGSEND = YES;
				GCC_C_LANGUAGE_STANDARD = gnu99;
				GCC_NO_COMMON_BLOCKS = YES;
				GCC_PREFIX_HEADER = "$(SRCROOT)/WCJAddressBook/WCJAddressbook.pch";
				GCC_WARN_64_TO_32_BIT_CONVERSION = YES;
				GCC_WARN_ABOUT_RETURN_TYPE = YES_ERROR;
				GCC_WARN_UNDECLARED_SELECTOR = YES;
				GCC_WARN_UNINITIALIZED_AUTOS = YES_AGGRESSIVE;
				GCC_WARN_UNUSED_FUNCTION = YES;
				GCC_WARN_UNUSED_VARIABLE = YES;
				IPHONEOS_DEPLOYMENT_TARGET = 9.3;
				MTL_ENABLE_DEBUG_INFO = NO;
				SDKROOT = iphoneos;
				VALIDATE_PRODUCT = YES;
			};
			name = Release;
		};
		7818527B1D0D393C0096B5D9 /* Debug */ = {
			isa = XCBuildConfiguration;
			buildSettings = {
				ASSETCATALOG_COMPILER_APPICON_NAME = AppIcon;
				INFOPLIST_FILE = WCJAddressBook/Info.plist;
				LD_RUNPATH_SEARCH_PATHS = "$(inherited) @executable_path/Frameworks";
				PRODUCT_BUNDLE_IDENTIFIER = com.chaojie.WCJAddressBook;
				PRODUCT_NAME = "$(TARGET_NAME)";
			};
			name = Debug;
		};
		7818527C1D0D393C0096B5D9 /* Release */ = {
			isa = XCBuildConfiguration;
			buildSettings = {
				ASSETCATALOG_COMPILER_APPICON_NAME = AppIcon;
				INFOPLIST_FILE = WCJAddressBook/Info.plist;
				LD_RUNPATH_SEARCH_PATHS = "$(inherited) @executable_path/Frameworks";
				PRODUCT_BUNDLE_IDENTIFIER = com.chaojie.WCJAddressBook;
				PRODUCT_NAME = "$(TARGET_NAME)";
			};
			name = Release;
		};
		7818527E1D0D393C0096B5D9 /* Debug */ = {
			isa = XCBuildConfiguration;
			buildSettings = {
				BUNDLE_LOADER = "$(TEST_HOST)";
				INFOPLIST_FILE = WCJAddressBookTests/Info.plist;
				LD_RUNPATH_SEARCH_PATHS = "$(inherited) @executable_path/Frameworks @loader_path/Frameworks";
				PRODUCT_BUNDLE_IDENTIFIER = com.chaojie.WCJAddressBookTests;
				PRODUCT_NAME = "$(TARGET_NAME)";
				TEST_HOST = "$(BUILT_PRODUCTS_DIR)/WCJAddressBook.app/WCJAddressBook";
			};
			name = Debug;
		};
		7818527F1D0D393C0096B5D9 /* Release */ = {
			isa = XCBuildConfiguration;
			buildSettings = {
				BUNDLE_LOADER = "$(TEST_HOST)";
				INFOPLIST_FILE = WCJAddressBookTests/Info.plist;
				LD_RUNPATH_SEARCH_PATHS = "$(inherited) @executable_path/Frameworks @loader_path/Frameworks";
				PRODUCT_BUNDLE_IDENTIFIER = com.chaojie.WCJAddressBookTests;
				PRODUCT_NAME = "$(TARGET_NAME)";
				TEST_HOST = "$(BUILT_PRODUCTS_DIR)/WCJAddressBook.app/WCJAddressBook";
			};
			name = Release;
		};
		781852811D0D393C0096B5D9 /* Debug */ = {
			isa = XCBuildConfiguration;
			buildSettings = {
				INFOPLIST_FILE = WCJAddressBookUITests/Info.plist;
				LD_RUNPATH_SEARCH_PATHS = "$(inherited) @executable_path/Frameworks @loader_path/Frameworks";
				PRODUCT_BUNDLE_IDENTIFIER = com.chaojie.WCJAddressBookUITests;
				PRODUCT_NAME = "$(TARGET_NAME)";
				TEST_TARGET_NAME = WCJAddressBook;
			};
			name = Debug;
		};
		781852821D0D393C0096B5D9 /* Release */ = {
			isa = XCBuildConfiguration;
			buildSettings = {
				INFOPLIST_FILE = WCJAddressBookUITests/Info.plist;
				LD_RUNPATH_SEARCH_PATHS = "$(inherited) @executable_path/Frameworks @loader_path/Frameworks";
				PRODUCT_BUNDLE_IDENTIFIER = com.chaojie.WCJAddressBookUITests;
				PRODUCT_NAME = "$(TARGET_NAME)";
				TEST_TARGET_NAME = WCJAddressBook;
			};
			name = Release;
		};
/* End XCBuildConfiguration section */

/* Begin XCConfigurationList section */
		781852481D0D393B0096B5D9 /* Build configuration list for PBXProject "WCJAddressBook" */ = {
			isa = XCConfigurationList;
			buildConfigurations = (
				781852781D0D393C0096B5D9 /* Debug */,
				781852791D0D393C0096B5D9 /* Release */,
			);
			defaultConfigurationIsVisible = 0;
			defaultConfigurationName = Release;
		};
		7818527A1D0D393C0096B5D9 /* Build configuration list for PBXNativeTarget "WCJAddressBook" */ = {
			isa = XCConfigurationList;
			buildConfigurations = (
				7818527B1D0D393C0096B5D9 /* Debug */,
				7818527C1D0D393C0096B5D9 /* Release */,
			);
			defaultConfigurationIsVisible = 0;
			defaultConfigurationName = Release;
		};
		7818527D1D0D393C0096B5D9 /* Build configuration list for PBXNativeTarget "WCJAddressBookTests" */ = {
			isa = XCConfigurationList;
			buildConfigurations = (
				7818527E1D0D393C0096B5D9 /* Debug */,
				7818527F1D0D393C0096B5D9 /* Release */,
			);
			defaultConfigurationIsVisible = 0;
			defaultConfigurationName = Release;
		};
		781852801D0D393C0096B5D9 /* Build configuration list for PBXNativeTarget "WCJAddressBookUITests" */ = {
			isa = XCConfigurationList;
			buildConfigurations = (
				781852811D0D393C0096B5D9 /* Debug */,
				781852821D0D393C0096B5D9 /* Release */,
			);
			defaultConfigurationIsVisible = 0;
			defaultConfigurationName = Release;
		};
/* End XCConfigurationList section */
	};
	rootObject = 781852451D0D393B0096B5D9 /* Project object */;
}
